// !$*UTF8*$!
{
	archiveVersion = 1;
	classes = {
	};
	objectVersion = 46;
	objects = {

/* Begin PBXBuildFile section */
		AA23A0C51A47B5AE009D9492 /* ResourcePath.mm in Sources */ = {isa = PBXBuildFile; fileRef = AA23A0C41A47B5AE009D9492 /* ResourcePath.mm */; };
		AA23A0C81A47B5AE009D9492 /* main.cpp in Sources */ = {isa = PBXBuildFile; fileRef = AA23A0C71A47B5AE009D9492 /* main.cpp */; };
		AA23A0D81A47B6F0009D9492 /* OpenGL.framework in Frameworks */ = {isa = PBXBuildFile; fileRef = AA23A0D71A47B6F0009D9492 /* OpenGL.framework */; };
		AA23A0DA1A47B701009D9492 /* SDL2.framework in Frameworks */ = {isa = PBXBuildFile; fileRef = AA23A0D91A47B701009D9492 /* SDL2.framework */; };
		AA23A0E01A47B784009D9492 /* EvolutionSystem.cpp in Sources */ = {isa = PBXBuildFile; fileRef = AA23A0DE1A47B784009D9492 /* EvolutionSystem.cpp */; };
		AA23A0E31A47B8B6009D9492 /* GLManager.cpp in Sources */ = {isa = PBXBuildFile; fileRef = AA23A0E11A47B8B6009D9492 /* GLManager.cpp */; };
		AA23A0E51A47B9A0009D9492 /* glm in Resources */ = {isa = PBXBuildFile; fileRef = AA23A0E41A47B9A0009D9492 /* glm */; };
		AA23A0E71A47BA5A009D9492 /* fragmentShader.glsl in Resources */ = {isa = PBXBuildFile; fileRef = AA23A0E61A47BA5A009D9492 /* fragmentShader.glsl */; };
		AA23A0E91A47BA61009D9492 /* vertexShader.glsl in Resources */ = {isa = PBXBuildFile; fileRef = AA23A0E81A47BA61009D9492 /* vertexShader.glsl */; };
		AA23A0EC1A47BB1F009D9492 /* Agent.cpp in Sources */ = {isa = PBXBuildFile; fileRef = AA23A0EA1A47BB1F009D9492 /* Agent.cpp */; };
		AA23A0EF1A47BDA7009D9492 /* Brain.cpp in Sources */ = {isa = PBXBuildFile; fileRef = AA23A0ED1A47BDA7009D9492 /* Brain.cpp */; };
		AA23A0F21A47BDC1009D9492 /* Neuron.cpp in Sources */ = {isa = PBXBuildFile; fileRef = AA23A0F01A47BDC1009D9492 /* Neuron.cpp */; };
/* End PBXBuildFile section */

/* Begin PBXFileReference section */
		AA23A0BF1A47B5AE009D9492 /* NetEvolution.app */ = {isa = PBXFileReference; explicitFileType = wrapper.application; includeInIndex = 0; path = NetEvolution.app; sourceTree = BUILT_PRODUCTS_DIR; };
		AA23A0C31A47B5AE009D9492 /* NetEvolution-Info.plist */ = {isa = PBXFileReference; lastKnownFileType = text.plist.xml; path = "NetEvolution-Info.plist"; sourceTree = "<group>"; };
		AA23A0C41A47B5AE009D9492 /* ResourcePath.mm */ = {isa = PBXFileReference; lastKnownFileType = sourcecode.cpp.objcpp; path = ResourcePath.mm; sourceTree = "<group>"; };
		AA23A0C61A47B5AE009D9492 /* ResourcePath.hpp */ = {isa = PBXFileReference; lastKnownFileType = sourcecode.cpp.h; path = ResourcePath.hpp; sourceTree = "<group>"; };
		AA23A0C71A47B5AE009D9492 /* main.cpp */ = {isa = PBXFileReference; lastKnownFileType = sourcecode.cpp.cpp; path = main.cpp; sourceTree = "<group>"; };
		AA23A0D71A47B6F0009D9492 /* OpenGL.framework */ = {isa = PBXFileReference; lastKnownFileType = wrapper.framework; name = OpenGL.framework; path = System/Library/Frameworks/OpenGL.framework; sourceTree = SDKROOT; };
		AA23A0D91A47B701009D9492 /* SDL2.framework */ = {isa = PBXFileReference; lastKnownFileType = wrapper.framework; path = SDL2.framework; sourceTree = "<group>"; };
		AA23A0DE1A47B784009D9492 /* EvolutionSystem.cpp */ = {isa = PBXFileReference; fileEncoding = 4; lastKnownFileType = sourcecode.cpp.cpp; path = EvolutionSystem.cpp; sourceTree = "<group>"; };
		AA23A0DF1A47B784009D9492 /* EvolutionSystem.h */ = {isa = PBXFileReference; fileEncoding = 4; lastKnownFileType = sourcecode.c.h; path = EvolutionSystem.h; sourceTree = "<group>"; };
		AA23A0E11A47B8B6009D9492 /* GLManager.cpp */ = {isa = PBXFileReference; fileEncoding = 4; lastKnownFileType = sourcecode.cpp.cpp; path = GLManager.cpp; sourceTree = "<group>"; };
		AA23A0E21A47B8B6009D9492 /* GLManager.h */ = {isa = PBXFileReference; fileEncoding = 4; lastKnownFileType = sourcecode.c.h; path = GLManager.h; sourceTree = "<group>"; };
		AA23A0E41A47B9A0009D9492 /* glm */ = {isa = PBXFileReference; lastKnownFileType = folder; path = glm; sourceTree = "<group>"; };
		AA23A0E61A47BA5A009D9492 /* fragmentShader.glsl */ = {isa = PBXFileReference; fileEncoding = 4; lastKnownFileType = text; path = fragmentShader.glsl; sourceTree = "<group>"; };
		AA23A0E81A47BA61009D9492 /* vertexShader.glsl */ = {isa = PBXFileReference; fileEncoding = 4; lastKnownFileType = text; path = vertexShader.glsl; sourceTree = "<group>"; };
		AA23A0EA1A47BB1F009D9492 /* Agent.cpp */ = {isa = PBXFileReference; fileEncoding = 4; lastKnownFileType = sourcecode.cpp.cpp; path = Agent.cpp; sourceTree = "<group>"; };
		AA23A0EB1A47BB1F009D9492 /* Agent.h */ = {isa = PBXFileReference; fileEncoding = 4; lastKnownFileType = sourcecode.c.h; path = Agent.h; sourceTree = "<group>"; };
		AA23A0ED1A47BDA7009D9492 /* Brain.cpp */ = {isa = PBXFileReference; fileEncoding = 4; lastKnownFileType = sourcecode.cpp.cpp; path = Brain.cpp; sourceTree = "<group>"; };
		AA23A0EE1A47BDA7009D9492 /* Brain.h */ = {isa = PBXFileReference; fileEncoding = 4; lastKnownFileType = sourcecode.c.h; path = Brain.h; sourceTree = "<group>"; };
		AA23A0F01A47BDC1009D9492 /* Neuron.cpp */ = {isa = PBXFileReference; fileEncoding = 4; lastKnownFileType = sourcecode.cpp.cpp; path = Neuron.cpp; sourceTree = "<group>"; };
		AA23A0F11A47BDC1009D9492 /* Neuron.h */ = {isa = PBXFileReference; fileEncoding = 4; lastKnownFileType = sourcecode.c.h; path = Neuron.h; sourceTree = "<group>"; };
/* End PBXFileReference section */

/* Begin PBXFrameworksBuildPhase section */
		AA23A0BB1A47B5AE009D9492 /* Frameworks */ = {
			isa = PBXFrameworksBuildPhase;
			buildActionMask = 2147483647;
			files = (
				AA23A0D81A47B6F0009D9492 /* OpenGL.framework in Frameworks */,
				AA23A0DA1A47B701009D9492 /* SDL2.framework in Frameworks */,
			);
			runOnlyForDeploymentPostprocessing = 0;
		};
/* End PBXFrameworksBuildPhase section */

/* Begin PBXGroup section */
		AA23A0B51A47B5AE009D9492 = {
			isa = PBXGroup;
			children = (
				AA23A0D91A47B701009D9492 /* SDL2.framework */,
				AA23A0D71A47B6F0009D9492 /* OpenGL.framework */,
				AA23A0C11A47B5AE009D9492 /* NetEvolution */,
				AA23A0C01A47B5AE009D9492 /* Products */,
			);
			sourceTree = "<group>";
		};
		AA23A0C01A47B5AE009D9492 /* Products */ = {
			isa = PBXGroup;
			children = (
				AA23A0BF1A47B5AE009D9492 /* NetEvolution.app */,
			);
			name = Products;
			sourceTree = "<group>";
		};
		AA23A0C11A47B5AE009D9492 /* NetEvolution */ = {
			isa = PBXGroup;
			children = (
				AA23A0E41A47B9A0009D9492 /* glm */,
				AA23A0E11A47B8B6009D9492 /* GLManager.cpp */,
				AA23A0E21A47B8B6009D9492 /* GLManager.h */,
				AA23A0C41A47B5AE009D9492 /* ResourcePath.mm */,
				AA23A0C61A47B5AE009D9492 /* ResourcePath.hpp */,
				AA23A0C71A47B5AE009D9492 /* main.cpp */,
				AA23A0C91A47B5AE009D9492 /* Resources */,
				AA23A0C21A47B5AE009D9492 /* Supporting Files */,
				AA23A0DE1A47B784009D9492 /* EvolutionSystem.cpp */,
				AA23A0DF1A47B784009D9492 /* EvolutionSystem.h */,
				AA23A0EA1A47BB1F009D9492 /* Agent.cpp */,
				AA23A0EB1A47BB1F009D9492 /* Agent.h */,
				AA23A0ED1A47BDA7009D9492 /* Brain.cpp */,
				AA23A0EE1A47BDA7009D9492 /* Brain.h */,
				AA23A0F01A47BDC1009D9492 /* Neuron.cpp */,
				AA23A0F11A47BDC1009D9492 /* Neuron.h */,
			);
			path = NetEvolution;
			sourceTree = "<group>";
		};
		AA23A0C21A47B5AE009D9492 /* Supporting Files */ = {
			isa = PBXGroup;
			children = (
				AA23A0C31A47B5AE009D9492 /* NetEvolution-Info.plist */,
			);
			name = "Supporting Files";
			sourceTree = "<group>";
		};
		AA23A0C91A47B5AE009D9492 /* Resources */ = {
			isa = PBXGroup;
			children = (
				AA23A0E61A47BA5A009D9492 /* fragmentShader.glsl */,
				AA23A0E81A47BA61009D9492 /* vertexShader.glsl */,
			);
			name = Resources;
			sourceTree = "<group>";
		};
/* End PBXGroup section */

/* Begin PBXNativeTarget section */
		AA23A0BE1A47B5AE009D9492 /* NetEvolution */ = {
			isa = PBXNativeTarget;
			buildConfigurationList = AA23A0D41A47B5AE009D9492 /* Build configuration list for PBXNativeTarget "NetEvolution" */;
			buildPhases = (
				AA23A0BA1A47B5AE009D9492 /* Sources */,
				AA23A0BB1A47B5AE009D9492 /* Frameworks */,
				AA23A0BC1A47B5AE009D9492 /* Resources */,
			);
			buildRules = (
			);
			dependencies = (
			);
			name = NetEvolution;
			productName = NetEvolution;
			productReference = AA23A0BF1A47B5AE009D9492 /* NetEvolution.app */;
			productType = "com.apple.product-type.application";
		};
/* End PBXNativeTarget section */

/* Begin PBXProject section */
		AA23A0B61A47B5AE009D9492 /* Project object */ = {
			isa = PBXProject;
			attributes = {
				LastUpgradeCheck = 0610;
				ORGANIZATIONNAME = "Christian Cosgrove";
				TargetAttributes = {
					AA23A0BE1A47B5AE009D9492 = {
						CreatedOnToolsVersion = 6.1.1;
					};
				};
			};
			buildConfigurationList = AA23A0B91A47B5AE009D9492 /* Build configuration list for PBXProject "NetEvolution" */;
			compatibilityVersion = "Xcode 3.2";
			developmentRegion = English;
			hasScannedForEncodings = 0;
			knownRegions = (
				en,
			);
			mainGroup = AA23A0B51A47B5AE009D9492;
			productRefGroup = AA23A0C01A47B5AE009D9492 /* Products */;
			projectDirPath = "";
			projectRoot = "";
			targets = (
				AA23A0BE1A47B5AE009D9492 /* NetEvolution */,
			);
		};
/* End PBXProject section */

/* Begin PBXResourcesBuildPhase section */
		AA23A0BC1A47B5AE009D9492 /* Resources */ = {
			isa = PBXResourcesBuildPhase;
			buildActionMask = 2147483647;
			files = (
				AA23A0E91A47BA61009D9492 /* vertexShader.glsl in Resources */,
				AA23A0E71A47BA5A009D9492 /* fragmentShader.glsl in Resources */,
				AA23A0E51A47B9A0009D9492 /* glm in Resources */,
			);
			runOnlyForDeploymentPostprocessing = 0;
		};
/* End PBXResourcesBuildPhase section */

/* Begin PBXSourcesBuildPhase section */
		AA23A0BA1A47B5AE009D9492 /* Sources */ = {
			isa = PBXSourcesBuildPhase;
			buildActionMask = 2147483647;
			files = (
				AA23A0EF1A47BDA7009D9492 /* Brain.cpp in Sources */,
				AA23A0EC1A47BB1F009D9492 /* Agent.cpp in Sources */,
				AA23A0F21A47BDC1009D9492 /* Neuron.cpp in Sources */,
				AA23A0E31A47B8B6009D9492 /* GLManager.cpp in Sources */,
				AA23A0C81A47B5AE009D9492 /* main.cpp in Sources */,
				AA23A0C51A47B5AE009D9492 /* ResourcePath.mm in Sources */,
				AA23A0E01A47B784009D9492 /* EvolutionSystem.cpp in Sources */,
			);
			runOnlyForDeploymentPostprocessing = 0;
		};
/* End PBXSourcesBuildPhase section */

/* Begin XCBuildConfiguration section */
		AA23A0D21A47B5AE009D9492 /* Debug */ = {
			isa = XCBuildConfiguration;
			buildSettings = {
				ARCHS = "$(ARCHS_STANDARD_32_64_BIT)";
				CLANG_CXX_LANGUAGE_STANDARD = "c++0x";
				CLANG_CXX_LIBRARY = "libc++";
				CLANG_WARN_EMPTY_BODY = YES;
				CLANG_WARN__DUPLICATE_METHOD_MATCH = YES;
				FRAMEWORK_SEARCH_PATHS = (
					/Library/Frameworks/,
					"$(inherited)",
				);
				GCC_OPTIMIZATION_LEVEL = 0;
				GCC_PREPROCESSOR_DEFINITIONS = (
					"DEBUG=1",
					"$(inherited)",
				);
				GCC_VERSION = com.apple.compilers.llvm.clang.1_0;
				GCC_WARN_ABOUT_RETURN_TYPE = YES;
				GCC_WARN_UNINITIALIZED_AUTOS = YES;
				GCC_WARN_UNUSED_VARIABLE = YES;
				HEADER_SEARCH_PATHS = (
					/usr/local/include/,
					"$(inherited)",
				);
				LIBRARY_SEARCH_PATHS = (
					/usr/local/lib/,
					"$(inherited)",
				);
				ONLY_ACTIVE_ARCH = NO;
				OTHER_LDFLAGS = (
					"$(inherited)",
					"$(SFML_SYSTEM)",
					"$(SFML_WINDOW)",
					"$(SFML_GRAPHICS)",
					"$(SFML_AUDIO)",
					"$(SFML_NETWORK)",
				);
				SUPPORTED_PLATFORMS = macosx;
			};
			name = Debug;
		};
		AA23A0D31A47B5AE009D9492 /* Release */ = {
			isa = XCBuildConfiguration;
			buildSettings = {
				ARCHS = "$(ARCHS_STANDARD_32_64_BIT)";
				CLANG_CXX_LANGUAGE_STANDARD = "c++0x";
				CLANG_CXX_LIBRARY = "libc++";
				CLANG_WARN_EMPTY_BODY = YES;
				CLANG_WARN__DUPLICATE_METHOD_MATCH = YES;
				COPY_PHASE_STRIP = YES;
				FRAMEWORK_SEARCH_PATHS = (
					/Library/Frameworks/,
					"$(inherited)",
				);
				GCC_VERSION = com.apple.compilers.llvm.clang.1_0;
				GCC_WARN_ABOUT_RETURN_TYPE = YES;
				GCC_WARN_UNINITIALIZED_AUTOS = YES;
				GCC_WARN_UNUSED_VARIABLE = YES;
				HEADER_SEARCH_PATHS = (
					/usr/local/include/,
					"$(inherited)",
				);
				LIBRARY_SEARCH_PATHS = (
					/usr/local/lib/,
					"$(inherited)",
				);
				ONLY_ACTIVE_ARCH = NO;
				OTHER_LDFLAGS = (
					"$(inherited)",
					"$(SFML_SYSTEM)",
					"$(SFML_WINDOW)",
					"$(SFML_GRAPHICS)",
					"$(SFML_AUDIO)",
					"$(SFML_NETWORK)",
				);
				SUPPORTED_PLATFORMS = macosx;
			};
			name = Release;
		};
		AA23A0D51A47B5AE009D9492 /* Debug */ = {
			isa = XCBuildConfiguration;
			buildSettings = {
				FRAMEWORK_SEARCH_PATHS = (
					"$(inherited)",
					"$(PROJECT_DIR)",
				);
				INFOPLIST_FILE = "NetEvolution/NetEvolution-Info.plist";
				MACOSX_DEPLOYMENT_TARGET = 10.7;
				PRODUCT_NAME = "$(TARGET_NAME)";
			};
			name = Debug;
		};
		AA23A0D61A47B5AE009D9492 /* Release */ = {
			isa = XCBuildConfiguration;
			buildSettings = {
				FRAMEWORK_SEARCH_PATHS = (
					"$(inherited)",
					"$(PROJECT_DIR)",
				);
				INFOPLIST_FILE = "NetEvolution/NetEvolution-Info.plist";
				MACOSX_DEPLOYMENT_TARGET = 10.7;
				PRODUCT_NAME = "$(TARGET_NAME)";
			};
			name = Release;
		};
/* End XCBuildConfiguration section */

/* Begin XCConfigurationList section */
		AA23A0B91A47B5AE009D9492 /* Build configuration list for PBXProject "NetEvolution" */ = {
			isa = XCConfigurationList;
			buildConfigurations = (
				AA23A0D21A47B5AE009D9492 /* Debug */,
				AA23A0D31A47B5AE009D9492 /* Release */,
			);
			defaultConfigurationIsVisible = 0;
			defaultConfigurationName = Release;
		};
		AA23A0D41A47B5AE009D9492 /* Build configuration list for PBXNativeTarget "NetEvolution" */ = {
			isa = XCConfigurationList;
			buildConfigurations = (
				AA23A0D51A47B5AE009D9492 /* Debug */,
				AA23A0D61A47B5AE009D9492 /* Release */,
			);
			defaultConfigurationIsVisible = 0;
		};
/* End XCConfigurationList section */
	};
	rootObject = AA23A0B61A47B5AE009D9492 /* Project object */;
}
